
Microsoft Visual Studio Solution File, Format Version 12.00
# Visual Studio Version 17
VisualStudioVersion = 17.9.34902.65
MinimumVisualStudioVersion = 10.0.40219.1
Project("{9A19103F-16F7-4668-BE54-9A1E7A4F7556}") = "WebApiOAuth", "WebApiOAuth\WebApiOAuth.csproj", "{4583ED04-CA1A-4D80-A8B9-84508AEF128D}"
EndProject
Global
	GlobalSection(SolutionConfigurationPlatforms) = preSolution
		Debug|Any CPU = Debug|Any CPU
		Release|Any CPU = Release|Any CPU
	EndGlobalSection
	GlobalSection(ProjectConfigurationPlatforms) = postSolution
		{4583ED04-CA1A-4D80-A8B9-84508AEF128D}.Debug|Any CPU.ActiveCfg = Debug|Any CPU
		{4583ED04-CA1A-4D80-A8B9-84508AEF128D}.Debug|Any CPU.Build.0 = Debug|Any CPU
		{4583ED04-CA1A-4D80-A8B9-84508AEF128D}.Release|Any CPU.ActiveCfg = Release|Any CPU
		{4583ED04-CA1A-4D80-A8B9-84508AEF128D}.Release|Any CPU.Build.0 = Release|Any CPU
	EndGlobalSection
	GlobalSection(SolutionProperties) = preSolution
		HideSolutionNode = FALSE
	EndGlobalSection
	GlobalSection(ExtensibilityGlobals) = postSolution
		SolutionGuid = {E97E9A7A-B0A1-4E26-AE22-5053380E3E73}
	EndGlobalSection
EndGlobal
